
Microsoft Visual Studio Solution File, Format Version 12.00
# Visual Studio Version 16
VisualStudioVersion = 16.0.30503.244
MinimumVisualStudioVersion = 10.0.40219.1
Project("{FAE04EC0-301F-11D3-BF4B-00C04F79EFBC}") = "Endless Sky", "Endless Sky.csproj", "{D11C01C0-38E1-4BF9-BD93-D8A9B4469D41}"
EndProject
Global
	GlobalSection(SolutionConfigurationPlatforms) = preSolution
		Debug|Any CPU = Debug|Any CPU
		Release|Any CPU = Release|Any CPU
	EndGlobalSection
	GlobalSection(ProjectConfigurationPlatforms) = postSolution
		{D11C01C0-38E1-4BF9-BD93-D8A9B4469D41}.Debug|Any CPU.ActiveCfg = Debug|Any CPU
		{D11C01C0-38E1-4BF9-BD93-D8A9B4469D41}.Debug|Any CPU.Build.0 = Debug|Any CPU
		{D11C01C0-38E1-4BF9-BD93-D8A9B4469D41}.Release|Any CPU.ActiveCfg = Release|Any CPU
		{D11C01C0-38E1-4BF9-BD93-D8A9B4469D41}.Release|Any CPU.Build.0 = Release|Any CPU
	EndGlobalSection
	GlobalSection(SolutionProperties) = preSolution
		HideSolutionNode = FALSE
	EndGlobalSection
	GlobalSection(ExtensibilityGlobals) = postSolution
		SolutionGuid = {B935813C-DD8A-4AC8-86E0-787CD6E7C965}
	EndGlobalSection
EndGlobal
